
Microsoft Visual Studio Solution File, Format Version 12.00
# Visual Studio Version 16
VisualStudioVersion = 16.0.30011.22
MinimumVisualStudioVersion = 10.0.40219.1
Project("{FAE04EC0-301F-11D3-BF4B-00C04F79EFBC}") = "WindowsFormsApp4", "WindowsFormsApp4.csproj", "{BDBCD56F-ECA4-4DD4-82EF-26E2EDA31A8A}"
EndProject
Global
	GlobalSection(SolutionConfigurationPlatforms) = preSolution
		Debug|Any CPU = Debug|Any CPU
		Release|Any CPU = Release|Any CPU
	EndGlobalSection
	GlobalSection(ProjectConfigurationPlatforms) = postSolution
		{BDBCD56F-ECA4-4DD4-82EF-26E2EDA31A8A}.Debug|Any CPU.ActiveCfg = Debug|Any CPU
		{BDBCD56F-ECA4-4DD4-82EF-26E2EDA31A8A}.Debug|Any CPU.Build.0 = Debug|Any CPU
		{BDBCD56F-ECA4-4DD4-82EF-26E2EDA31A8A}.Release|Any CPU.ActiveCfg = Release|Any CPU
		{BDBCD56F-ECA4-4DD4-82EF-26E2EDA31A8A}.Release|Any CPU.Build.0 = Release|Any CPU
	EndGlobalSection
	GlobalSection(SolutionProperties) = preSolution
		HideSolutionNode = FALSE
	EndGlobalSection
	GlobalSection(ExtensibilityGlobals) = postSolution
		SolutionGuid = {7D419E3E-861B-4B36-8B88-07D13E89B3C5}
	EndGlobalSection
EndGlobal
