
Microsoft Visual Studio Solution File, Format Version 12.00
# Visual Studio Version 16
VisualStudioVersion = 16.0.30011.22
MinimumVisualStudioVersion = 10.0.40219.1
Project("{FAE04EC0-301F-11D3-BF4B-00C04F79EFBC}") = "WindowsFormsApp3", "WindowsFormsApp3.csproj", "{9519DFAF-3244-49E6-B223-A7D35A3C7A55}"
EndProject
Global
	GlobalSection(SolutionConfigurationPlatforms) = preSolution
		Debug|Any CPU = Debug|Any CPU
		Release|Any CPU = Release|Any CPU
	EndGlobalSection
	GlobalSection(ProjectConfigurationPlatforms) = postSolution
		{9519DFAF-3244-49E6-B223-A7D35A3C7A55}.Debug|Any CPU.ActiveCfg = Debug|Any CPU
		{9519DFAF-3244-49E6-B223-A7D35A3C7A55}.Debug|Any CPU.Build.0 = Debug|Any CPU
		{9519DFAF-3244-49E6-B223-A7D35A3C7A55}.Release|Any CPU.ActiveCfg = Release|Any CPU
		{9519DFAF-3244-49E6-B223-A7D35A3C7A55}.Release|Any CPU.Build.0 = Release|Any CPU
	EndGlobalSection
	GlobalSection(SolutionProperties) = preSolution
		HideSolutionNode = FALSE
	EndGlobalSection
	GlobalSection(ExtensibilityGlobals) = postSolution
		SolutionGuid = {7FDB013E-34E0-4588-B3D6-FB4A869BCB94}
	EndGlobalSection
EndGlobal
